
Microsoft Visual Studio Solution File, Format Version 12.00
# Visual Studio Version 17
VisualStudioVersion = 17.8.34330.188
MinimumVisualStudioVersion = 10.0.40219.1
Project("{FAE04EC0-301F-11D3-BF4B-00C04F79EFBC}") = "hotel-app", "hotel-app\hotel-app.csproj", "{F95C53CA-D536-48E4-9335-65753774C578}"
EndProject
Global
	GlobalSection(SolutionConfigurationPlatforms) = preSolution
		Debug|Any CPU = Debug|Any CPU
		Release|Any CPU = Release|Any CPU
	EndGlobalSection
	GlobalSection(ProjectConfigurationPlatforms) = postSolution
		{F95C53CA-D536-48E4-9335-65753774C578}.Debug|Any CPU.ActiveCfg = Debug|Any CPU
		{F95C53CA-D536-48E4-9335-65753774C578}.Debug|Any CPU.Build.0 = Debug|Any CPU
		{F95C53CA-D536-48E4-9335-65753774C578}.Release|Any CPU.ActiveCfg = Release|Any CPU
		{F95C53CA-D536-48E4-9335-65753774C578}.Release|Any CPU.Build.0 = Release|Any CPU
	EndGlobalSection
	GlobalSection(SolutionProperties) = preSolution
		HideSolutionNode = FALSE
	EndGlobalSection
	GlobalSection(ExtensibilityGlobals) = postSolution
		SolutionGuid = {82EAE5DD-6F39-49E1-9903-594FD9478D78}
	EndGlobalSection
EndGlobal
